
Microsoft Visual Studio Solution File, Format Version 11.00
# Visual Studio 2010 Express for Windows Phone
Project("{FAE04EC0-301F-11D3-BF4B-00C04F79EFBC}") = "DeluxeAdventures", "DeluxeAdventures\DeluxeAdventures\DeluxeAdventures.csproj", "{ABDF7657-710D-4F55-8442-4D17FA758609}"
EndProject
Project("{FAE04EC0-301F-11D3-BF4B-00C04F79EFBC}") = "DeluxeAdventuresContent", "DeluxeAdventures\DeluxeAdventuresContent\DeluxeAdventuresContent.contentproj", "{DBF1C577-4D84-4C15-BFE6-20FB60C7D1F2}"
EndProject
Project("{FAE04EC0-301F-11D3-BF4B-00C04F79EFBC}") = "HannesXNA", "..\..\HannesXNA\HannesXNA.csproj", "{609E6FF5-7384-443D-A027-B8406E924A6D}"
EndProject
Global
	GlobalSection(SolutionConfigurationPlatforms) = preSolution
		Debug|x86 = Debug|x86
		Release|x86 = Release|x86
	EndGlobalSection
	GlobalSection(ProjectConfigurationPlatforms) = postSolution
		{ABDF7657-710D-4F55-8442-4D17FA758609}.Debug|x86.ActiveCfg = Debug|x86
		{ABDF7657-710D-4F55-8442-4D17FA758609}.Debug|x86.Build.0 = Debug|x86
		{ABDF7657-710D-4F55-8442-4D17FA758609}.Release|x86.ActiveCfg = Release|x86
		{ABDF7657-710D-4F55-8442-4D17FA758609}.Release|x86.Build.0 = Release|x86
		{DBF1C577-4D84-4C15-BFE6-20FB60C7D1F2}.Debug|x86.ActiveCfg = Debug|x86
		{DBF1C577-4D84-4C15-BFE6-20FB60C7D1F2}.Release|x86.ActiveCfg = Release|x86
		{609E6FF5-7384-443D-A027-B8406E924A6D}.Debug|x86.ActiveCfg = Debug|x86
		{609E6FF5-7384-443D-A027-B8406E924A6D}.Debug|x86.Build.0 = Debug|x86
		{609E6FF5-7384-443D-A027-B8406E924A6D}.Release|x86.ActiveCfg = Release|x86
		{609E6FF5-7384-443D-A027-B8406E924A6D}.Release|x86.Build.0 = Release|x86
	EndGlobalSection
	GlobalSection(SolutionProperties) = preSolution
		HideSolutionNode = FALSE
	EndGlobalSection
EndGlobal
